
Microsoft Visual Studio Solution File, Format Version 12.00
# Visual Studio Version 16
VisualStudioVersion = 16.0.31129.286
MinimumVisualStudioVersion = 10.0.40219.1
Project("{FAE04EC0-301F-11D3-BF4B-00C04F79EFBC}") = "WarnerMedia", "WarnerMedia.csproj", "{98FE9171-D0E7-4664-A450-055AE1BF4CDB}"
EndProject
Project("{FAE04EC0-301F-11D3-BF4B-00C04F79EFBC}") = "WarnerMedia.Data", "..\WarnerMedia.Data\WarnerMedia.Data.csproj", "{E7F234C1-19ED-4CE2-80EF-FA370BF2F94C}"
EndProject
Project("{FAE04EC0-301F-11D3-BF4B-00C04F79EFBC}") = "WarnerMedia.Repo", "..\WarnerMedia.Repo\WarnerMedia.Repo.csproj", "{8425E712-3434-4835-B904-062249400F46}"
EndProject
Project("{FAE04EC0-301F-11D3-BF4B-00C04F79EFBC}") = "WarnerMedia.Service", "..\WarnerMedia.Service\WarnerMedia.Service.csproj", "{0BF96824-7ED9-4EF4-957F-5BBE482F50E3}"
EndProject
Global
	GlobalSection(SolutionConfigurationPlatforms) = preSolution
		Debug|Any CPU = Debug|Any CPU
		Release|Any CPU = Release|Any CPU
	EndGlobalSection
	GlobalSection(ProjectConfigurationPlatforms) = postSolution
		{98FE9171-D0E7-4664-A450-055AE1BF4CDB}.Debug|Any CPU.ActiveCfg = Debug|Any CPU
		{98FE9171-D0E7-4664-A450-055AE1BF4CDB}.Debug|Any CPU.Build.0 = Debug|Any CPU
		{98FE9171-D0E7-4664-A450-055AE1BF4CDB}.Release|Any CPU.ActiveCfg = Release|Any CPU
		{98FE9171-D0E7-4664-A450-055AE1BF4CDB}.Release|Any CPU.Build.0 = Release|Any CPU
		{E7F234C1-19ED-4CE2-80EF-FA370BF2F94C}.Debug|Any CPU.ActiveCfg = Debug|Any CPU
		{E7F234C1-19ED-4CE2-80EF-FA370BF2F94C}.Debug|Any CPU.Build.0 = Debug|Any CPU
		{E7F234C1-19ED-4CE2-80EF-FA370BF2F94C}.Release|Any CPU.ActiveCfg = Release|Any CPU
		{E7F234C1-19ED-4CE2-80EF-FA370BF2F94C}.Release|Any CPU.Build.0 = Release|Any CPU
		{8425E712-3434-4835-B904-062249400F46}.Debug|Any CPU.ActiveCfg = Debug|Any CPU
		{8425E712-3434-4835-B904-062249400F46}.Debug|Any CPU.Build.0 = Debug|Any CPU
		{8425E712-3434-4835-B904-062249400F46}.Release|Any CPU.ActiveCfg = Release|Any CPU
		{8425E712-3434-4835-B904-062249400F46}.Release|Any CPU.Build.0 = Release|Any CPU
		{0BF96824-7ED9-4EF4-957F-5BBE482F50E3}.Debug|Any CPU.ActiveCfg = Debug|Any CPU
		{0BF96824-7ED9-4EF4-957F-5BBE482F50E3}.Debug|Any CPU.Build.0 = Debug|Any CPU
		{0BF96824-7ED9-4EF4-957F-5BBE482F50E3}.Release|Any CPU.ActiveCfg = Release|Any CPU
		{0BF96824-7ED9-4EF4-957F-5BBE482F50E3}.Release|Any CPU.Build.0 = Release|Any CPU
	EndGlobalSection
	GlobalSection(SolutionProperties) = preSolution
		HideSolutionNode = FALSE
	EndGlobalSection
	GlobalSection(ExtensibilityGlobals) = postSolution
		SolutionGuid = {389E4155-78B0-4BED-B153-7F92ACFB4C2C}
	EndGlobalSection
EndGlobal
